<?xml version="1.0" encoding="utf-8"?>
<Project ToolsVersion="4.0" xmlns="http://schemas.microsoft.com/developer/msbuild/2003">
  <ItemGroup>
    <Filter Include="Source Files">
      <UniqueIdentifier>{4FC737F1-C7A5-4376-A066-2A32D752A2FF}</UniqueIdentifier>
      <Extensions>cpp;c;cc;cxx;def;odl;idl;hpj;bat;asm;asmx</Extensions>
    </Filter>
    <Filter Include="Header Files">
      <UniqueIdentifier>{93995380-89BD-4b04-88EB-625FBE52EBFB}</UniqueIdentifier>
      <Extensions>h;hpp;hxx;hm;inl;inc;xsd</Extensions>
    </Filter>
    <Filter Include="Resource Files">
      <UniqueIdentifier>{67DA6AB6-F800-4c08-8B7A-83BB121AAD01}</UniqueIdentifier>
      <Extensions>rc;ico;cur;bmp;dlg;rc2;rct;bin;rgs;gif;jpg;jpeg;jpe;resx;tiff;tif;png;wav;mfcribbon-ms</Extensions>
    </Filter>
    <Filter Include="Header Files\VLC">
      <UniqueIdentifier>{e30caae0-87ef-4a1f-93ef-1e8d22932ad1}</UniqueIdentifier>
    </Filter>
  </ItemGroup>
  <ItemGroup>
    <None Include="ReadMe.txt" />
    <None Include="res\VideoShow.rc2">
      <Filter>Resource Files</Filter>
    </None>
    <None Include="res\VideoShow.ico">
      <Filter>Resource Files</Filter>
    </None>
    <None Include="res\Main.ico">
      <Filter>Resource Files</Filter>
    </None>
  </ItemGroup>
  <ItemGroup>
    <ClInclude Include="VideoShow.h">
      <Filter>Header Files</Filter>
    </ClInclude>
    <ClInclude Include="VideoShowDlg.h">
      <Filter>Header Files</Filter>
    </ClInclude>
    <ClInclude Include="stdafx.h">
      <Filter>Header Files</Filter>
    </ClInclude>
    <ClInclude Include="targetver.h">
      <Filter>Header Files</Filter>
    </ClInclude>
    <ClInclude Include="Resource.h">
      <Filter>Header Files</Filter>
    </ClInclude>
    <ClInclude Include="vlc\deprecated.h">
      <Filter>Header Files\VLC</Filter>
    </ClInclude>
    <ClInclude Include="vlc\libvlc.h">
      <Filter>Header Files\VLC</Filter>
    </ClInclude>
    <ClInclude Include="vlc\libvlc_events.h">
      <Filter>Header Files\VLC</Filter>
    </ClInclude>
    <ClInclude Include="vlc\libvlc_media.h">
      <Filter>Header Files\VLC</Filter>
    </ClInclude>
    <ClInclude Include="vlc\libvlc_media_discoverer.h">
      <Filter>Header Files\VLC</Filter>
    </ClInclude>
    <ClInclude Include="vlc\libvlc_media_library.h">
      <Filter>Header Files\VLC</Filter>
    </ClInclude>
    <ClInclude Include="vlc\libvlc_media_list.h">
      <Filter>Header Files\VLC</Filter>
    </ClInclude>
    <ClInclude Include="vlc\libvlc_media_list_player.h">
      <Filter>Header Files\VLC</Filter>
    </ClInclude>
    <ClInclude Include="vlc\libvlc_media_player.h">
      <Filter>Header Files\VLC</Filter>
    </ClInclude>
    <ClInclude Include="vlc\libvlc_structures.h">
      <Filter>Header Files\VLC</Filter>
    </ClInclude>
    <ClInclude Include="vlc\libvlc_version.h">
      <Filter>Header Files\VLC</Filter>
    </ClInclude>
    <ClInclude Include="vlc\libvlc_vlm.h">
      <Filter>Header Files\VLC</Filter>
    </ClInclude>
    <ClInclude Include="vlc\stdint.h">
      <Filter>Header Files\VLC</Filter>
    </ClInclude>
    <ClInclude Include="vlc\vlc.h">
      <Filter>Header Files\VLC</Filter>
    </ClInclude>
    <ClInclude Include="CommTools.h">
      <Filter>Header Files</Filter>
    </ClInclude>
    <ClInclude Include="CVlcPlay.h">
      <Filter>Header Files\VLC</Filter>
    </ClInclude>
    <ClInclude Include="CStdioFileEx.h">
      <Filter>Header Files</Filter>
    </ClInclude>
    <ClInclude Include="COwnerListBox.h">
      <Filter>Header Files</Filter>
    </ClInclude>
    <ClInclude Include="CNiceSlider.h">
      <Filter>Header Files</Filter>
    </ClInclude>
  </ItemGroup>
  <ItemGroup>
    <ClCompile Include="VideoShow.cpp">
      <Filter>Source Files</Filter>
    </ClCompile>
    <ClCompile Include="VideoShowDlg.cpp">
      <Filter>Source Files</Filter>
    </ClCompile>
    <ClCompile Include="stdafx.cpp">
      <Filter>Source Files</Filter>
    </ClCompile>
    <ClCompile Include="CommTools.cpp">
      <Filter>Source Files</Filter>
    </ClCompile>
    <ClCompile Include="CVlcPlay.cpp">
      <Filter>Source Files</Filter>
    </ClCompile>
    <ClCompile Include="CStdioFileEx.cpp">
      <Filter>Source Files</Filter>
    </ClCompile>
    <ClCompile Include="COwnerListBox.cpp">
      <Filter>Source Files</Filter>
    </ClCompile>
    <ClCompile Include="CNiceSlider.cpp">
      <Filter>Source Files</Filter>
    </ClCompile>
  </ItemGroup>
  <ItemGroup>
    <ResourceCompile Include="VideoShow.rc">
      <Filter>Resource Files</Filter>
    </ResourceCompile>
  </ItemGroup>
</Project>